
Microsoft Visual Studio Solution File, Format Version 12.00
# Visual Studio 15
VisualStudioVersion = 15.0.28307.271
MinimumVisualStudioVersion = 10.0.40219.1
Project("{9A19103F-16F7-4668-BE54-9A1E7A4F7556}") = "RazorPagesMovie", "RazorPagesMovie.csproj", "{4346AA06-7B9B-48AE-9595-F500E4587759}"
EndProject
Global
	GlobalSection(SolutionConfigurationPlatforms) = preSolution
		Debug|Any CPU = Debug|Any CPU
		Release|Any CPU = Release|Any CPU
	EndGlobalSection
	GlobalSection(ProjectConfigurationPlatforms) = postSolution
		{4346AA06-7B9B-48AE-9595-F500E4587759}.Debug|Any CPU.ActiveCfg = Debug|Any CPU
		{4346AA06-7B9B-48AE-9595-F500E4587759}.Debug|Any CPU.Build.0 = Debug|Any CPU
		{4346AA06-7B9B-48AE-9595-F500E4587759}.Release|Any CPU.ActiveCfg = Release|Any CPU
		{4346AA06-7B9B-48AE-9595-F500E4587759}.Release|Any CPU.Build.0 = Release|Any CPU
	EndGlobalSection
	GlobalSection(SolutionProperties) = preSolution
		HideSolutionNode = FALSE
	EndGlobalSection
	GlobalSection(ExtensibilityGlobals) = postSolution
		SolutionGuid = {F78C95C6-00B6-41A8-836C-1D6BE9EC57DE}
	EndGlobalSection
EndGlobal
