
Microsoft Visual Studio Solution File, Format Version 12.00
# Visual Studio 15
VisualStudioVersion = 15.0.28307.271
MinimumVisualStudioVersion = 10.0.40219.1
Project("{FAE04EC0-301F-11D3-BF4B-00C04F79EFBC}") = "WebApplication1", "WebApplication1\WebApplication1.csproj", "{6AF76BF4-0A1F-4117-B0D1-734C53D59CC3}"
EndProject
Global
	GlobalSection(SolutionConfigurationPlatforms) = preSolution
		Debug|Any CPU = Debug|Any CPU
		Release|Any CPU = Release|Any CPU
	EndGlobalSection
	GlobalSection(ProjectConfigurationPlatforms) = postSolution
		{6AF76BF4-0A1F-4117-B0D1-734C53D59CC3}.Debug|Any CPU.ActiveCfg = Debug|Any CPU
		{6AF76BF4-0A1F-4117-B0D1-734C53D59CC3}.Debug|Any CPU.Build.0 = Debug|Any CPU
		{6AF76BF4-0A1F-4117-B0D1-734C53D59CC3}.Release|Any CPU.ActiveCfg = Release|Any CPU
		{6AF76BF4-0A1F-4117-B0D1-734C53D59CC3}.Release|Any CPU.Build.0 = Release|Any CPU
	EndGlobalSection
	GlobalSection(SolutionProperties) = preSolution
		HideSolutionNode = FALSE
	EndGlobalSection
	GlobalSection(ExtensibilityGlobals) = postSolution
		SolutionGuid = {04A69629-9832-46AB-92CB-2354CFB95B3C}
	EndGlobalSection
EndGlobal
