
Microsoft Visual Studio Solution File, Format Version 12.00
# Visual Studio 15
VisualStudioVersion = 15.0.28307.271
MinimumVisualStudioVersion = 10.0.40219.1
Project("{FAE04EC0-301F-11D3-BF4B-00C04F79EFBC}") = "MvcMovie", "MvcMovie\MvcMovie.csproj", "{4C4710AE-442D-4450-8C15-09D7605FA9BA}"
EndProject
Global
	GlobalSection(SolutionConfigurationPlatforms) = preSolution
		Debug|Any CPU = Debug|Any CPU
		Release|Any CPU = Release|Any CPU
	EndGlobalSection
	GlobalSection(ProjectConfigurationPlatforms) = postSolution
		{4C4710AE-442D-4450-8C15-09D7605FA9BA}.Debug|Any CPU.ActiveCfg = Debug|Any CPU
		{4C4710AE-442D-4450-8C15-09D7605FA9BA}.Debug|Any CPU.Build.0 = Debug|Any CPU
		{4C4710AE-442D-4450-8C15-09D7605FA9BA}.Release|Any CPU.ActiveCfg = Release|Any CPU
		{4C4710AE-442D-4450-8C15-09D7605FA9BA}.Release|Any CPU.Build.0 = Release|Any CPU
	EndGlobalSection
	GlobalSection(SolutionProperties) = preSolution
		HideSolutionNode = FALSE
	EndGlobalSection
	GlobalSection(ExtensibilityGlobals) = postSolution
		SolutionGuid = {29C6B45E-5589-401A-8DBB-A1852BFEFE04}
	EndGlobalSection
EndGlobal
