
Microsoft Visual Studio Solution File, Format Version 12.00
# Visual Studio 15
VisualStudioVersion = 15.0.28307.271
MinimumVisualStudioVersion = 10.0.40219.1
Project("{FAE04EC0-301F-11D3-BF4B-00C04F79EFBC}") = "WebApp1", "WebApp1\WebApp1.csproj", "{34EB0DFC-555C-49F5-B28C-9F39DB8E134A}"
EndProject
Global
	GlobalSection(SolutionConfigurationPlatforms) = preSolution
		Debug|Any CPU = Debug|Any CPU
		Release|Any CPU = Release|Any CPU
	EndGlobalSection
	GlobalSection(ProjectConfigurationPlatforms) = postSolution
		{34EB0DFC-555C-49F5-B28C-9F39DB8E134A}.Debug|Any CPU.ActiveCfg = Debug|Any CPU
		{34EB0DFC-555C-49F5-B28C-9F39DB8E134A}.Debug|Any CPU.Build.0 = Debug|Any CPU
		{34EB0DFC-555C-49F5-B28C-9F39DB8E134A}.Release|Any CPU.ActiveCfg = Release|Any CPU
		{34EB0DFC-555C-49F5-B28C-9F39DB8E134A}.Release|Any CPU.Build.0 = Release|Any CPU
	EndGlobalSection
	GlobalSection(SolutionProperties) = preSolution
		HideSolutionNode = FALSE
	EndGlobalSection
	GlobalSection(ExtensibilityGlobals) = postSolution
		SolutionGuid = {942D6E64-3227-4AD5-A3CB-3221D2477392}
	EndGlobalSection
EndGlobal
